
Microsoft Visual Studio Solution File, Format Version 12.00
# Visual Studio 2012
Project("{FAE04EC0-301F-11D3-BF4B-00C04F79EFBC}") = "weather", "weather\weather.csproj", "{3A2495A5-6809-4196-9247-E5AC45E34DCA}"
EndProject
Project("{FAE04EC0-301F-11D3-BF4B-00C04F79EFBC}") = "weatheragent", "weatheragent\weatheragent.csproj", "{36843863-0034-4E32-AD4F-960158696D17}"
EndProject
Project("{FAE04EC0-301F-11D3-BF4B-00C04F79EFBC}") = "common", "common\common.csproj", "{0C8D6A37-7EBF-40DC-8EC0-D9C1BBAFFF17}"
EndProject
Global
	GlobalSection(SolutionConfigurationPlatforms) = preSolution
		Debug|Any CPU = Debug|Any CPU
		Debug|ARM = Debug|ARM
		Debug|x86 = Debug|x86
		Release|Any CPU = Release|Any CPU
		Release|ARM = Release|ARM
		Release|x86 = Release|x86
	EndGlobalSection
	GlobalSection(ProjectConfigurationPlatforms) = postSolution
		{3A2495A5-6809-4196-9247-E5AC45E34DCA}.Debug|Any CPU.ActiveCfg = Debug|Any CPU
		{3A2495A5-6809-4196-9247-E5AC45E34DCA}.Debug|Any CPU.Build.0 = Debug|Any CPU
		{3A2495A5-6809-4196-9247-E5AC45E34DCA}.Debug|Any CPU.Deploy.0 = Debug|Any CPU
		{3A2495A5-6809-4196-9247-E5AC45E34DCA}.Debug|ARM.ActiveCfg = Debug|ARM
		{3A2495A5-6809-4196-9247-E5AC45E34DCA}.Debug|ARM.Build.0 = Debug|ARM
		{3A2495A5-6809-4196-9247-E5AC45E34DCA}.Debug|ARM.Deploy.0 = Debug|ARM
		{3A2495A5-6809-4196-9247-E5AC45E34DCA}.Debug|x86.ActiveCfg = Debug|x86
		{3A2495A5-6809-4196-9247-E5AC45E34DCA}.Debug|x86.Build.0 = Debug|x86
		{3A2495A5-6809-4196-9247-E5AC45E34DCA}.Debug|x86.Deploy.0 = Debug|x86
		{3A2495A5-6809-4196-9247-E5AC45E34DCA}.Release|Any CPU.ActiveCfg = Release|Any CPU
		{3A2495A5-6809-4196-9247-E5AC45E34DCA}.Release|Any CPU.Build.0 = Release|Any CPU
		{3A2495A5-6809-4196-9247-E5AC45E34DCA}.Release|Any CPU.Deploy.0 = Release|Any CPU
		{3A2495A5-6809-4196-9247-E5AC45E34DCA}.Release|ARM.ActiveCfg = Release|ARM
		{3A2495A5-6809-4196-9247-E5AC45E34DCA}.Release|ARM.Build.0 = Release|ARM
		{3A2495A5-6809-4196-9247-E5AC45E34DCA}.Release|ARM.Deploy.0 = Release|ARM
		{3A2495A5-6809-4196-9247-E5AC45E34DCA}.Release|x86.ActiveCfg = Release|x86
		{3A2495A5-6809-4196-9247-E5AC45E34DCA}.Release|x86.Build.0 = Release|x86
		{3A2495A5-6809-4196-9247-E5AC45E34DCA}.Release|x86.Deploy.0 = Release|x86
		{36843863-0034-4E32-AD4F-960158696D17}.Debug|Any CPU.ActiveCfg = Debug|Any CPU
		{36843863-0034-4E32-AD4F-960158696D17}.Debug|Any CPU.Build.0 = Debug|Any CPU
		{36843863-0034-4E32-AD4F-960158696D17}.Debug|ARM.ActiveCfg = Debug|ARM
		{36843863-0034-4E32-AD4F-960158696D17}.Debug|ARM.Build.0 = Debug|ARM
		{36843863-0034-4E32-AD4F-960158696D17}.Debug|x86.ActiveCfg = Debug|x86
		{36843863-0034-4E32-AD4F-960158696D17}.Debug|x86.Build.0 = Debug|x86
		{36843863-0034-4E32-AD4F-960158696D17}.Release|Any CPU.ActiveCfg = Release|Any CPU
		{36843863-0034-4E32-AD4F-960158696D17}.Release|Any CPU.Build.0 = Release|Any CPU
		{36843863-0034-4E32-AD4F-960158696D17}.Release|ARM.ActiveCfg = Release|ARM
		{36843863-0034-4E32-AD4F-960158696D17}.Release|ARM.Build.0 = Release|ARM
		{36843863-0034-4E32-AD4F-960158696D17}.Release|x86.ActiveCfg = Release|x86
		{36843863-0034-4E32-AD4F-960158696D17}.Release|x86.Build.0 = Release|x86
		{0C8D6A37-7EBF-40DC-8EC0-D9C1BBAFFF17}.Debug|Any CPU.ActiveCfg = Debug|Any CPU
		{0C8D6A37-7EBF-40DC-8EC0-D9C1BBAFFF17}.Debug|Any CPU.Build.0 = Debug|Any CPU
		{0C8D6A37-7EBF-40DC-8EC0-D9C1BBAFFF17}.Debug|ARM.ActiveCfg = Debug|ARM
		{0C8D6A37-7EBF-40DC-8EC0-D9C1BBAFFF17}.Debug|ARM.Build.0 = Debug|ARM
		{0C8D6A37-7EBF-40DC-8EC0-D9C1BBAFFF17}.Debug|x86.ActiveCfg = Debug|x86
		{0C8D6A37-7EBF-40DC-8EC0-D9C1BBAFFF17}.Debug|x86.Build.0 = Debug|x86
		{0C8D6A37-7EBF-40DC-8EC0-D9C1BBAFFF17}.Release|Any CPU.ActiveCfg = Release|Any CPU
		{0C8D6A37-7EBF-40DC-8EC0-D9C1BBAFFF17}.Release|Any CPU.Build.0 = Release|Any CPU
		{0C8D6A37-7EBF-40DC-8EC0-D9C1BBAFFF17}.Release|ARM.ActiveCfg = Release|ARM
		{0C8D6A37-7EBF-40DC-8EC0-D9C1BBAFFF17}.Release|ARM.Build.0 = Release|ARM
		{0C8D6A37-7EBF-40DC-8EC0-D9C1BBAFFF17}.Release|x86.ActiveCfg = Release|x86
		{0C8D6A37-7EBF-40DC-8EC0-D9C1BBAFFF17}.Release|x86.Build.0 = Release|x86
	EndGlobalSection
	GlobalSection(SolutionProperties) = preSolution
		HideSolutionNode = FALSE
	EndGlobalSection
EndGlobal
